
Microsoft Visual Studio Solution File, Format Version 12.00
# Visual Studio Version 16
VisualStudioVersion = 16.0.29905.134
MinimumVisualStudioVersion = 10.0.40219.1
Project("{FAE04EC0-301F-11D3-BF4B-00C04F79EFBC}") = "EmployeeManagementConsole", "EmployeeManagementConsole.csproj", "{BE9DFA5D-C32A-45B7-A64F-6A2B91D989D7}"
EndProject
Global
	GlobalSection(SolutionConfigurationPlatforms) = preSolution
		Debug|Any CPU = Debug|Any CPU
		Release|Any CPU = Release|Any CPU
	EndGlobalSection
	GlobalSection(ProjectConfigurationPlatforms) = postSolution
		{BE9DFA5D-C32A-45B7-A64F-6A2B91D989D7}.Debug|Any CPU.ActiveCfg = Debug|Any CPU
		{BE9DFA5D-C32A-45B7-A64F-6A2B91D989D7}.Debug|Any CPU.Build.0 = Debug|Any CPU
		{BE9DFA5D-C32A-45B7-A64F-6A2B91D989D7}.Release|Any CPU.ActiveCfg = Release|Any CPU
		{BE9DFA5D-C32A-45B7-A64F-6A2B91D989D7}.Release|Any CPU.Build.0 = Release|Any CPU
	EndGlobalSection
	GlobalSection(SolutionProperties) = preSolution
		HideSolutionNode = FALSE
	EndGlobalSection
	GlobalSection(ExtensibilityGlobals) = postSolution
		SolutionGuid = {F0C1C634-B362-4C35-B4B0-A366A9A69F1B}
	EndGlobalSection
EndGlobal
